
Microsoft Visual Studio Solution File, Format Version 12.00
# Visual Studio 15
VisualStudioVersion = 15.0.28307.705
MinimumVisualStudioVersion = 10.0.40219.1
Project("{FAE04EC0-301F-11D3-BF4B-00C04F79EFBC}") = "SisEDM", "SIsEDM\SisEDM.csproj", "{A18A7ED6-9A5F-4D52-B634-50152232E6CA}"
EndProject
Project("{FAE04EC0-301F-11D3-BF4B-00C04F79EFBC}") = "SisVentaDAO", "SisVentaDAO\SisVentaDAO.csproj", "{C6434BCC-2326-4ECD-8510-52179CDDD681}"
EndProject
Project("{FAE04EC0-301F-11D3-BF4B-00C04F79EFBC}") = "SisVentaPresentacion", "SisVentaPresentacion\SisVentaPresentacion.csproj", "{2E473DEA-A871-4EDE-BB37-43FDCE1FA100}"
EndProject
Global
	GlobalSection(SolutionConfigurationPlatforms) = preSolution
		Debug|Any CPU = Debug|Any CPU
		Release|Any CPU = Release|Any CPU
	EndGlobalSection
	GlobalSection(ProjectConfigurationPlatforms) = postSolution
		{A18A7ED6-9A5F-4D52-B634-50152232E6CA}.Debug|Any CPU.ActiveCfg = Debug|Any CPU
		{A18A7ED6-9A5F-4D52-B634-50152232E6CA}.Debug|Any CPU.Build.0 = Debug|Any CPU
		{A18A7ED6-9A5F-4D52-B634-50152232E6CA}.Release|Any CPU.ActiveCfg = Release|Any CPU
		{A18A7ED6-9A5F-4D52-B634-50152232E6CA}.Release|Any CPU.Build.0 = Release|Any CPU
		{C6434BCC-2326-4ECD-8510-52179CDDD681}.Debug|Any CPU.ActiveCfg = Debug|Any CPU
		{C6434BCC-2326-4ECD-8510-52179CDDD681}.Debug|Any CPU.Build.0 = Debug|Any CPU
		{C6434BCC-2326-4ECD-8510-52179CDDD681}.Release|Any CPU.ActiveCfg = Release|Any CPU
		{C6434BCC-2326-4ECD-8510-52179CDDD681}.Release|Any CPU.Build.0 = Release|Any CPU
		{2E473DEA-A871-4EDE-BB37-43FDCE1FA100}.Debug|Any CPU.ActiveCfg = Debug|Any CPU
		{2E473DEA-A871-4EDE-BB37-43FDCE1FA100}.Debug|Any CPU.Build.0 = Debug|Any CPU
		{2E473DEA-A871-4EDE-BB37-43FDCE1FA100}.Release|Any CPU.ActiveCfg = Release|Any CPU
		{2E473DEA-A871-4EDE-BB37-43FDCE1FA100}.Release|Any CPU.Build.0 = Release|Any CPU
	EndGlobalSection
	GlobalSection(SolutionProperties) = preSolution
		HideSolutionNode = FALSE
	EndGlobalSection
	GlobalSection(ExtensibilityGlobals) = postSolution
		SolutionGuid = {BF78FB4C-94A4-4CF5-9E93-82A2C52A71FA}
	EndGlobalSection
EndGlobal
